version = 1
revision = 3
requires-python = "==3.12.*"

[[package]]
name = "cuda-bindings"
version = "13.3.1"
source = { registry = "https://pypi.org/simple" }
dependencies = [
    { name = "cuda-pathfinder" },
]
wheels = [
    { url = "https://files.pythonhosted.org/packages/ce/67/5e7dba1ba576dd73da5dee894ca076ca5e959450dfff66d6d510a255d1f7/cuda_bindings-13.3.1-cp312-cp312-manylinux_2_24_aarch64.manylinux_2_28_aarch64.whl", hash = "sha256:c7855c4868aabc0cfae28abbe83d56734bdfbd08f08fc234ac1912a12858bf49", size = 6025351, upload-time = "2026-05-29T23:11:49.685Z" },
    { url = "https://files.pythonhosted.org/packages/39/2a/6d2e9047d1fb243dbaa364b01e0297534b9ed7fd27dba1c9f361519cf69b/cuda_bindings-13.3.1-cp312-cp312-manylinux_2_24_x86_64.manylinux_2_28_x86_64.whl", hash = "sha256:e32d08f71ebcdf00f0f41eab2eb37e8da94c8ed411cc9f7f7a019ce6b34abe3a", size = 6657965, upload-time = "2026-05-29T23:11:52.227Z" },
]

[[package]]
name = "cuda-pathfinder"
version = "1.5.6"
source = { registry = "https://pypi.org/simple" }
wheels = [
    { url = "https://files.pythonhosted.org/packages/d2/53/8fc9b0cdc5b7f62746e6a01b85b6461e5ae27f871010a5fcf8fa6950766d/cuda_pathfinder-1.5.6-py3-none-any.whl", hash = "sha256:7e4c07c117b78ba1fb35dac4c444d21f3677b1b1ff56175c53a8e3025c5b43c0", size = 52972, upload-time = "2026-06-30T00:58:04.34Z" },
]

[[package]]
name = "cuda-toolkit"
version = "13.0.2"
source = { registry = "https://pypi.org/simple" }
wheels = [
    { url = "https://files.pythonhosted.org/packages/57/b2/453099f5f3b698d7d0eab38916aac44c7f76229f451709e2eb9db6615dcd/cuda_toolkit-13.0.2-py2.py3-none-any.whl", hash = "sha256:b198824cf2f54003f50d64ada3a0f184b42ca0846c1c94192fa269ecd97a66eb", size = 2364, upload-time = "2025-12-19T23:24:07.328Z" },
]

[package.optional-dependencies]
cudart = [
    { name = "nvidia-cuda-runtime", marker = "sys_platform == 'linux' or sys_platform == 'win32'" },
]
cufft = [
    { name = "nvidia-cufft", marker = "sys_platform == 'linux' or sys_platform == 'win32'" },
]
cufile = [
    { name = "nvidia-cufile", marker = "sys_platform == 'linux'" },
]
cupti = [
    { name = "nvidia-cuda-cupti", marker = "sys_platform == 'linux' or sys_platform == 'win32'" },
]
curand = [
    { name = "nvidia-curand", marker = "sys_platform == 'linux' or sys_platform == 'win32'" },
]
cusolver = [
    { name = "nvidia-cusolver", marker = "sys_platform == 'linux' or sys_platform == 'win32'" },
]
cusparse = [
    { name = "nvidia-cusparse", marker = "sys_platform == 'linux' or sys_platform == 'win32'" },
]
nvjitlink = [
    { name = "nvidia-nvjitlink", marker = "sys_platform == 'linux' or sys_platform == 'win32'" },
]
nvrtc = [
    { name = "nvidia-cuda-nvrtc", marker = "sys_platform == 'linux' or sys_platform == 'win32'" },
]
nvtx = [
    { name = "nvidia-nvtx", marker = "sys_platform == 'linux' or sys_platform == 'win32'" },
]

[[package]]
name = "filelock"
version = "3.29.5"
source = { registry = "https://pypi.org/simple" }
sdist = { url = "https://files.pythonhosted.org/packages/e3/ee/29c668c50888588c432a702f7c2e8ee8a0c9e5286028d91f170308d6b2e9/filelock-3.29.5.tar.gz", hash = "sha256:6e6034c57a00a020e767f2614a5539863f056de7e7991d6d1473aef7ff73f156", size = 68927, upload-time = "2026-07-03T03:50:31.818Z" }
wheels = [
    { url = "https://files.pythonhosted.org/packages/4a/e3/f1fae3647d170919c2cf2a898e77e7d1a4e5c7cae0aed7bb4bd3f5ebff6f/filelock-3.29.5-py3-none-any.whl", hash = "sha256:8af830889ba3a0ffcefbd6c7d2af8a54012058103771f2e10848222f476a1693", size = 45073, upload-time = "2026-07-03T03:50:30.445Z" },
]

[[package]]
name = "fsspec"
version = "2026.6.0"
source = { registry = "https://pypi.org/simple" }
sdist = { url = "https://files.pythonhosted.org/packages/10/a1/ae4e3e5003468d6391d2c77b6fa1cd73bd5d13511d81c642d7b28ac90ed4/fsspec-2026.6.0.tar.gz", hash = "sha256:f5bac145310fe30e16e1471bd6840b2d990d609e872251d7e674241822abf01a", size = 313646, upload-time = "2026-06-16T01:57:28.105Z" }
wheels = [
    { url = "https://files.pythonhosted.org/packages/e5/22/4222d7ddf3da30f363edaa98e329c2bce6c65497c9cb2810931c8b2c0fbc/fsspec-2026.6.0-py3-none-any.whl", hash = "sha256:02e0b71817df9b2169dc30a16832045764def1191b43dcff5bb85bdee212d2a1", size = 203949, upload-time = "2026-06-16T01:57:26.358Z" },
]

[[package]]
name = "jinja2"
version = "3.1.6"
source = { registry = "https://pypi.org/simple" }
dependencies = [
    { name = "markupsafe" },
]
sdist = { url = "https://files.pythonhosted.org/packages/df/bf/f7da0350254c0ed7c72f3e33cef02e048281fec7ecec5f032d4aac52226b/jinja2-3.1.6.tar.gz", hash = "sha256:0137fb05990d35f1275a587e9aee6d56da821fc83491a0fb838183be43f66d6d", size = 245115, upload-time = "2025-03-05T20:05:02.478Z" }
wheels = [
    { url = "https://files.pythonhosted.org/packages/62/a1/3d680cbfd5f4b8f15abc1d571870c5fc3e594bb582bc3b64ea099db13e56/jinja2-3.1.6-py3-none-any.whl", hash = "sha256:85ece4451f492d0c13c5dd7c13a64681a86afae63a5f347908daf103ce6d2f67", size = 134899, upload-time = "2025-03-05T20:05:00.369Z" },
]

[[package]]
name = "manafold"
version = "0.1.0"
source = { editable = "." }
dependencies = [
    { name = "numpy" },
    { name = "psycopg", extra = ["binary"] },
    { name = "pyarrow" },
    { name = "torch" },
]

[package.metadata]
requires-dist = [
    { name = "numpy", specifier = ">=2.5.0" },
    { name = "psycopg", extras = ["binary"], specifier = ">=3.2" },
    { name = "pyarrow", specifier = ">=18.0" },
    { name = "torch", specifier = ">=2.12.1" },
]

[[package]]
name = "markupsafe"
version = "3.0.3"
source = { registry = "https://pypi.org/simple" }
sdist = { url = "https://files.pythonhosted.org/packages/7e/99/7690b6d4034fffd95959cbe0c02de8deb3098cc577c67bb6a24fe5d7caa7/markupsafe-3.0.3.tar.gz", hash = "sha256:722695808f4b6457b320fdc131280796bdceb04ab50fe1795cd540799ebe1698", size = 80313, upload-time = "2025-09-27T18:37:40.426Z" }
wheels = [
    { url = "https://files.pythonhosted.org/packages/5a/72/147da192e38635ada20e0a2e1a51cf8823d2119ce8883f7053879c2199b5/markupsafe-3.0.3-cp312-cp312-macosx_10_13_x86_64.whl", hash = "sha256:d53197da72cc091b024dd97249dfc7794d6a56530370992a5e1a08983ad9230e", size = 11615, upload-time = "2025-09-27T18:36:30.854Z" },
    { url = "https://files.pythonhosted.org/packages/9a/81/7e4e08678a1f98521201c3079f77db69fb552acd56067661f8c2f534a718/markupsafe-3.0.3-cp312-cp312-macosx_11_0_arm64.whl", hash = "sha256:1872df69a4de6aead3491198eaf13810b565bdbeec3ae2dc8780f14458ec73ce", size = 12020, upload-time = "2025-09-27T18:36:31.971Z" },
    { url = "https://files.pythonhosted.org/packages/1e/2c/799f4742efc39633a1b54a92eec4082e4f815314869865d876824c257c1e/markupsafe-3.0.3-cp312-cp312-manylinux2014_aarch64.manylinux_2_17_aarch64.manylinux_2_28_aarch64.whl", hash = "sha256:3a7e8ae81ae39e62a41ec302f972ba6ae23a5c5396c8e60113e9066ef893da0d", size = 24332, upload-time = "2025-09-27T18:36:32.813Z" },
    { url = "https://files.pythonhosted.org/packages/3c/2e/8d0c2ab90a8c1d9a24f0399058ab8519a3279d1bd4289511d74e909f060e/markupsafe-3.0.3-cp312-cp312-manylinux2014_x86_64.manylinux_2_17_x86_64.manylinux_2_28_x86_64.whl", hash = "sha256:d6dd0be5b5b189d31db7cda48b91d7e0a9795f31430b7f271219ab30f1d3ac9d", size = 22947, upload-time = "2025-09-27T18:36:33.86Z" },
    { url = "https://files.pythonhosted.org/packages/2c/54/887f3092a85238093a0b2154bd629c89444f395618842e8b0c41783898ea/markupsafe-3.0.3-cp312-cp312-manylinux_2_31_riscv64.manylinux_2_39_riscv64.whl", hash = "sha256:94c6f0bb423f739146aec64595853541634bde58b2135f27f61c1ffd1cd4d16a", size = 21962, upload-time = "2025-09-27T18:36:35.099Z" },
    { url = "https://files.pythonhosted.org/packages/c9/2f/336b8c7b6f4a4d95e91119dc8521402461b74a485558d8f238a68312f11c/markupsafe-3.0.3-cp312-cp312-musllinux_1_2_aarch64.whl", hash = "sha256:be8813b57049a7dc738189df53d69395eba14fb99345e0a5994914a3864c8a4b", size = 23760, upload-time = "2025-09-27T18:36:36.001Z" },
    { url = "https://files.pythonhosted.org/packages/32/43/67935f2b7e4982ffb50a4d169b724d74b62a3964bc1a9a527f5ac4f1ee2b/markupsafe-3.0.3-cp312-cp312-musllinux_1_2_riscv64.whl", hash = "sha256:83891d0e9fb81a825d9a6d61e3f07550ca70a076484292a70fde82c4b807286f", size = 21529, upload-time = "2025-09-27T18:36:36.906Z" },
    { url = "https://files.pythonhosted.org/packages/89/e0/4486f11e51bbba8b0c041098859e869e304d1c261e59244baa3d295d47b7/markupsafe-3.0.3-cp312-cp312-musllinux_1_2_x86_64.whl", hash = "sha256:77f0643abe7495da77fb436f50f8dab76dbc6e5fd25d39589a0f1fe6548bfa2b", size = 23015, upload-time = "2025-09-27T18:36:37.868Z" },
    { url = "https://files.pythonhosted.org/packages/2f/e1/78ee7a023dac597a5825441ebd17170785a9dab23de95d2c7508ade94e0e/markupsafe-3.0.3-cp312-cp312-win32.whl", hash = "sha256:d88b440e37a16e651bda4c7c2b930eb586fd15ca7406cb39e211fcff3bf3017d", size = 14540, upload-time = "2025-09-27T18:36:38.761Z" },
    { url = "https://files.pythonhosted.org/packages/aa/5b/bec5aa9bbbb2c946ca2733ef9c4ca91c91b6a24580193e891b5f7dbe8e1e/markupsafe-3.0.3-cp312-cp312-win_amd64.whl", hash = "sha256:26a5784ded40c9e318cfc2bdb30fe164bdb8665ded9cd64d500a34fb42067b1c", size = 15105, upload-time = "2025-09-27T18:36:39.701Z" },
    { url = "https://files.pythonhosted.org/packages/e5/f1/216fc1bbfd74011693a4fd837e7026152e89c4bcf3e77b6692fba9923123/markupsafe-3.0.3-cp312-cp312-win_arm64.whl", hash = "sha256:35add3b638a5d900e807944a078b51922212fb3dedb01633a8defc4b01a3c85f", size = 13906, upload-time = "2025-09-27T18:36:40.689Z" },
]

[[package]]
name = "mpmath"
version = "1.3.0"
source = { registry = "https://pypi.org/simple" }
sdist = { url = "https://files.pythonhosted.org/packages/e0/47/dd32fa426cc72114383ac549964eecb20ecfd886d1e5ccf5340b55b02f57/mpmath-1.3.0.tar.gz", hash = "sha256:7a28eb2a9774d00c7bc92411c19a89209d5da7c4c9a9e227be8330a23a25b91f", size = 508106, upload-time = "2023-03-07T16:47:11.061Z" }
wheels = [
    { url = "https://files.pythonhosted.org/packages/43/e3/7d92a15f894aa0c9c4b49b8ee9ac9850d6e63b03c9c32c0367a13ae62209/mpmath-1.3.0-py3-none-any.whl", hash = "sha256:a0b2b9fe80bbcd81a6647ff13108738cfb482d481d826cc0e02f5b35e5c88d2c", size = 536198, upload-time = "2023-03-07T16:47:09.197Z" },
]

[[package]]
name = "networkx"
version = "3.6.1"
source = { registry = "https://pypi.org/simple" }
sdist = { url = "https://files.pythonhosted.org/packages/6a/51/63fe664f3908c97be9d2e4f1158eb633317598cfa6e1fc14af5383f17512/networkx-3.6.1.tar.gz", hash = "sha256:26b7c357accc0c8cde558ad486283728b65b6a95d85ee1cd66bafab4c8168509", size = 2517025, upload-time = "2025-12-08T17:02:39.908Z" }
wheels = [
    { url = "https://files.pythonhosted.org/packages/9e/c9/b2622292ea83fbb4ec318f5b9ab867d0a28ab43c5717bb85b0a5f6b3b0a4/networkx-3.6.1-py3-none-any.whl", hash = "sha256:d47fbf302e7d9cbbb9e2555a0d267983d2aa476bac30e90dfbe5669bd57f3762", size = 2068504, upload-time = "2025-12-08T17:02:38.159Z" },
]

[[package]]
name = "numpy"
version = "2.5.0"
source = { registry = "https://pypi.org/simple" }
sdist = { url = "https://files.pythonhosted.org/packages/e7/05/3d27272d30698dc0ecb7fdfaa41ad70303b444f81722bb99bce1d818638a/numpy-2.5.0.tar.gz", hash = "sha256:5a129578019311b6e56bdd714250f19b518f7dceeeb8d1af5490f4942d3f891c", size = 20652461, upload-time = "2026-06-21T20:57:51.95Z" }
wheels = [
    { url = "https://files.pythonhosted.org/packages/fa/0a/11486d02add7b1384dff7374d124b1cfbb0ee864dcc9f6a2c0380638cf84/numpy-2.5.0-cp312-cp312-macosx_10_13_x86_64.whl", hash = "sha256:489780423903667933b4ed6197b6ec3b75ea5dd17d1d8f0f38d798feb6921561", size = 16789987, upload-time = "2026-06-21T20:56:16.657Z" },
    { url = "https://files.pythonhosted.org/packages/55/b2/285f48640a181947b4587a3766d21ec1eaa7fea833d4b49957e09da467a2/numpy-2.5.0-cp312-cp312-macosx_11_0_arm64.whl", hash = "sha256:ece55976ced6bca95a03ae2839e2e5ccffe8eb6a3e7022415645eb154a81e4e6", size = 11760322, upload-time = "2026-06-21T20:56:19.813Z" },
    { url = "https://files.pythonhosted.org/packages/dd/67/b032db1eb03ca30d16eda3b0c22aaa615338b9263c2fd559d0f29451aca4/numpy-2.5.0-cp312-cp312-macosx_14_0_arm64.whl", hash = "sha256:c83b664b0e6eee9594fa920cf0639d8af796606d3fad6cc70180c87e4b97c7be", size = 5319605, upload-time = "2026-06-21T20:56:22.173Z" },
    { url = "https://files.pythonhosted.org/packages/b9/83/03fc7300c7c6b6c84c487b1dc80d322817b95fbd1f4dd57a85e23b7198de/numpy-2.5.0-cp312-cp312-macosx_14_0_x86_64.whl", hash = "sha256:bf80333980bf37f523341ddd72c783f39d6829ec7736b9eb99086388a2d52cc2", size = 6653628, upload-time = "2026-06-21T20:56:23.914Z" },
    { url = "https://files.pythonhosted.org/packages/82/49/2ec21730bc63ccfda829323f7040a8ed4715b3852ce658689cf74ee96a8c/numpy-2.5.0-cp312-cp312-manylinux_2_27_aarch64.manylinux_2_28_aarch64.whl", hash = "sha256:a1a4874217b36d5ac8fc876f52e39df56f8182c88463e9e2dceabf7ca8b7efb8", size = 15153691, upload-time = "2026-06-21T20:56:25.631Z" },
    { url = "https://files.pythonhosted.org/packages/bb/6b/f4a3d0637692c49da8ef99d72d52526f92e0a8d6ac4f0ca9f31441b9d9ea/numpy-2.5.0-cp312-cp312-manylinux_2_27_x86_64.manylinux_2_28_x86_64.whl", hash = "sha256:aaa760137137e8d3c920d27927748215b56014f92667dc9b6c27dfc61249255a", size = 16660066, upload-time = "2026-06-21T20:56:28.009Z" },
    { url = "https://files.pythonhosted.org/packages/3a/2f/c354ec86d1f3f5c19649463b0d39652e160736e5b0a4cd18dff0576715c4/numpy-2.5.0-cp312-cp312-musllinux_1_2_aarch64.whl", hash = "sha256:7174ce8265fc7f7417d171c9ea8fe905220748893ea67a2a7abe726ec331c4b0", size = 16514638, upload-time = "2026-06-21T20:56:30.26Z" },
    { url = "https://files.pythonhosted.org/packages/06/34/43efdcb319988648580f93c11f1ae82cf7e2faa74925e98e454ae3aa95f8/numpy-2.5.0-cp312-cp312-musllinux_1_2_x86_64.whl", hash = "sha256:b8c3daaf99de52415d20b42f8e8155c78642cb04207d02f9d317a0dcf1b3fb54", size = 18419647, upload-time = "2026-06-21T20:56:32.41Z" },
    { url = "https://files.pythonhosted.org/packages/71/e2/f5d1676b1d7fb682eb5e9a1641e7ebd2414b3216c370661d1029778908b4/numpy-2.5.0-cp312-cp312-win32.whl", hash = "sha256:6206db0af545d73d068add6d992279145f158428d1da6cc49adc4b630c5d6ee5", size = 6056688, upload-time = "2026-06-21T20:56:34.657Z" },
    { url = "https://files.pythonhosted.org/packages/8f/7c/48f115d1c58a34032facebcd51fdf2d02df2c51d4a46a81dd1197bb2ea6b/numpy-2.5.0-cp312-cp312-win_amd64.whl", hash = "sha256:6f2d6873e2940c860a309d21e25b1e69af6aaffdd80aa056b04c16380db1c4f2", size = 12419237, upload-time = "2026-06-21T20:56:36.24Z" },
    { url = "https://files.pythonhosted.org/packages/86/26/2e0882f4044d1b1a1b63e875151fb2393389032022a8b7f5657a7996d3b2/numpy-2.5.0-cp312-cp312-win_arm64.whl", hash = "sha256:a55e1eb2bca2cfd17a16b213c99dfc8502d47b0d494224d2122277d0400935ca", size = 10339912, upload-time = "2026-06-21T20:56:38.733Z" },
]

[[package]]
name = "nvidia-cublas"
version = "13.1.1.3"
source = { registry = "https://pypi.org/simple" }
dependencies = [
    { name = "nvidia-cuda-nvrtc" },
]
wheels = [
    { url = "https://files.pythonhosted.org/packages/a7/a1/0bd24ee8c8d03adac032fd2909426a00c88f8c57961b1277ded97f91119f/nvidia_cublas-13.1.1.3-py3-none-manylinux_2_27_aarch64.whl", hash = "sha256:b7a210458267ac818974c53038fbec2e969d5c99f305ab15c72522fa9f001dd5", size = 542848918, upload-time = "2026-04-08T18:46:22.985Z" },
    { url = "https://files.pythonhosted.org/packages/3b/cd/154ca20c38269e05eff77c1464e6c1da89f50a6390b565e9d82e06bc11e1/nvidia_cublas-13.1.1.3-py3-none-manylinux_2_27_x86_64.whl", hash = "sha256:37936a16db8fe4ac1f065c2139360608a543a09275cb1a1af612e08cfa065436", size = 423138758, upload-time = "2026-04-08T18:46:58.655Z" },
]

[[package]]
name = "nvidia-cuda-cupti"
version = "13.0.85"
source = { registry = "https://pypi.org/simple" }
wheels = [
    { url = "https://files.pythonhosted.org/packages/2a/2a/80353b103fc20ce05ef51e928daed4b6015db4aaa9162ed0997090fe2250/nvidia_cuda_cupti-13.0.85-py3-none-manylinux_2_25_aarch64.whl", hash = "sha256:796bd679890ee55fb14a94629b698b6db54bcfd833d391d5e94017dd9d7d3151", size = 10310827, upload-time = "2025-09-04T08:26:42.012Z" },
    { url = "https://files.pythonhosted.org/packages/33/6d/737d164b4837a9bbd202f5ae3078975f0525a55730fe871d8ed4e3b952b0/nvidia_cuda_cupti-13.0.85-py3-none-manylinux_2_25_x86_64.whl", hash = "sha256:4eb01c08e859bf924d222250d2e8f8b8ff6d3db4721288cf35d14252a4d933c8", size = 10715597, upload-time = "2025-09-04T08:26:51.312Z" },
]

[[package]]
name = "nvidia-cuda-nvrtc"
version = "13.0.88"
source = { registry = "https://pypi.org/simple" }
wheels = [
    { url = "https://files.pythonhosted.org/packages/c3/68/483a78f5e8f31b08fb1bb671559968c0ca3a065ac7acabfc7cee55214fd6/nvidia_cuda_nvrtc-13.0.88-py3-none-manylinux2010_x86_64.manylinux_2_12_x86_64.whl", hash = "sha256:ad9b6d2ead2435f11cbb6868809d2adeeee302e9bb94bcf0539c7a40d80e8575", size = 90215200, upload-time = "2025-09-04T08:28:44.204Z" },
    { url = "https://files.pythonhosted.org/packages/b7/dc/6bb80850e0b7edd6588d560758f17e0550893a1feaf436807d64d2da040f/nvidia_cuda_nvrtc-13.0.88-py3-none-manylinux2014_aarch64.manylinux_2_17_aarch64.whl", hash = "sha256:d27f20a0ca67a4bb34268a5e951033496c5b74870b868bacd046b1b8e0c3267b", size = 43015449, upload-time = "2025-09-04T08:28:20.239Z" },
]

[[package]]
name = "nvidia-cuda-runtime"
version = "13.0.96"
source = { registry = "https://pypi.org/simple" }
wheels = [
    { url = "https://files.pythonhosted.org/packages/87/4f/17d7b9b8e285199c58ce28e31b5c5bbaa4d8271af06a89b6405258245de2/nvidia_cuda_runtime-13.0.96-py3-none-manylinux2014_aarch64.manylinux_2_17_aarch64.whl", hash = "sha256:ef9bcbe90493a2b9d810e43d249adb3d02e98dd30200d86607d8d02687c43f55", size = 2261060, upload-time = "2025-10-09T08:55:15.78Z" },
    { url = "https://files.pythonhosted.org/packages/2e/24/d1558f3b68b1d26e706813b1d10aa1d785e4698c425af8db8edc3dced472/nvidia_cuda_runtime-13.0.96-py3-none-manylinux2014_x86_64.manylinux_2_17_x86_64.whl", hash = "sha256:7f82250d7782aa23b6cfe765ecc7db554bd3c2870c43f3d1821f1d18aebf0548", size = 2243632, upload-time = "2025-10-09T08:55:36.117Z" },
]

[[package]]
name = "nvidia-cudnn-cu13"
version = "9.20.0.48"
source = { registry = "https://pypi.org/simple" }
dependencies = [
    { name = "nvidia-cublas" },
]
wheels = [
    { url = "https://files.pythonhosted.org/packages/56/c5/83384d846b2fd17c44bd499b36c75a45ed4f095fbbb2252294e89cea5c5c/nvidia_cudnn_cu13-9.20.0.48-py3-none-manylinux_2_27_aarch64.whl", hash = "sha256:e31454ae00094b0c55319d9d15b6fa2fc50a9e1c0f5c8c80fb75258234e731e1", size = 444574296, upload-time = "2026-03-09T19:28:27.751Z" },
    { url = "https://files.pythonhosted.org/packages/6e/5e/edb9c0ae051602c3ccaffe424256463636d639e27d7f302dde9975ef9e7a/nvidia_cudnn_cu13-9.20.0.48-py3-none-manylinux_2_27_x86_64.whl", hash = "sha256:0c45dd8eeb50b603f07995b1b300c62ffe6a1980482b82b3bcf94a4ca9d49304", size = 366173588, upload-time = "2026-03-09T19:29:34.474Z" },
]

[[package]]
name = "nvidia-cufft"
version = "12.0.0.61"
source = { registry = "https://pypi.org/simple" }
dependencies = [
    { name = "nvidia-nvjitlink" },
]
wheels = [
    { url = "https://files.pythonhosted.org/packages/8b/ae/f417a75c0259e85c1d2f83ca4e960289a5f814ed0cea74d18c353d3e989d/nvidia_cufft-12.0.0.61-py3-none-manylinux2014_aarch64.manylinux_2_17_aarch64.whl", hash = "sha256:2708c852ef8cd89d1d2068bdbece0aa188813a0c934db3779b9b1faa8442e5f5", size = 214053554, upload-time = "2025-09-04T08:31:38.196Z" },
    { url = "https://files.pythonhosted.org/packages/a8/2f/7b57e29836ea8714f81e9898409196f47d772d5ddedddf1592eadb8ab743/nvidia_cufft-12.0.0.61-py3-none-manylinux2014_x86_64.manylinux_2_17_x86_64.whl", hash = "sha256:6c44f692dce8fd5ffd3e3df134b6cdb9c2f72d99cf40b62c32dde45eea9ddad3", size = 214085489, upload-time = "2025-09-04T08:31:56.044Z" },
]

[[package]]
name = "nvidia-cufile"
version = "1.15.1.6"
source = { registry = "https://pypi.org/simple" }
wheels = [
    { url = "https://files.pythonhosted.org/packages/3f/70/4f193de89a48b71714e74602ee14d04e4019ad36a5a9f20c425776e72cd6/nvidia_cufile-1.15.1.6-py3-none-manylinux2014_x86_64.manylinux_2_17_x86_64.whl", hash = "sha256:08a3ecefae5a01c7f5117351c64f17c7c62efa5fffdbe24fc7d298da19cd0b44", size = 1223672, upload-time = "2025-09-04T08:32:22.779Z" },
    { url = "https://files.pythonhosted.org/packages/ab/73/cc4a14c9813a8a0d509417cf5f4bdaba76e924d58beb9864f5a7baceefbf/nvidia_cufile-1.15.1.6-py3-none-manylinux_2_27_aarch64.whl", hash = "sha256:bdc0deedc61f548bddf7733bdc216456c2fdb101d020e1ab4b88d232d5e2f6d1", size = 1136992, upload-time = "2025-09-04T08:32:14.119Z" },
]

[[package]]
name = "nvidia-curand"
version = "10.4.0.35"
source = { registry = "https://pypi.org/simple" }
wheels = [
    { url = "https://files.pythonhosted.org/packages/1e/72/7c2ae24fb6b63a32e6ae5d241cc65263ea18d08802aaae087d9f013335a2/nvidia_curand-10.4.0.35-py3-none-manylinux_2_27_aarch64.whl", hash = "sha256:133df5a7509c3e292aaa2b477afd0194f06ce4ea24d714d616ff36439cee349a", size = 61962106, upload-time = "2025-08-04T10:21:41.128Z" },
    { url = "https://files.pythonhosted.org/packages/a5/9f/be0a41ca4a4917abf5cb9ae0daff1a6060cc5de950aec0396de9f3b52bc5/nvidia_curand-10.4.0.35-py3-none-manylinux_2_27_x86_64.whl", hash = "sha256:1aee33a5da6e1db083fe2b90082def8915f30f3248d5896bcec36a579d941bfc", size = 59544258, upload-time = "2025-08-04T10:22:03.992Z" },
]

[[package]]
name = "nvidia-cusolver"
version = "12.0.4.66"
source = { registry = "https://pypi.org/simple" }
dependencies = [
    { name = "nvidia-cublas" },
    { name = "nvidia-cusparse" },
    { name = "nvidia-nvjitlink" },
]
wheels = [
    { url = "https://files.pythonhosted.org/packages/c8/c3/b30c9e935fc01e3da443ec0116ed1b2a009bb867f5324d3f2d7e533e776b/nvidia_cusolver-12.0.4.66-py3-none-manylinux_2_27_aarch64.whl", hash = "sha256:02c2457eaa9e39de20f880f4bd8820e6a1cfb9f9a34f820eb12a155aa5bc92d2", size = 223467760, upload-time = "2025-09-04T08:33:04.222Z" },
    { url = "https://files.pythonhosted.org/packages/5f/67/cba3777620cdacb99102da4042883709c41c709f4b6323c10781a9c3aa34/nvidia_cusolver-12.0.4.66-py3-none-manylinux_2_27_x86_64.whl", hash = "sha256:0a759da5dea5c0ea10fd307de75cdeb59e7ea4fcb8add0924859b944babf1112", size = 200941980, upload-time = "2025-09-04T08:33:22.767Z" },
]

[[package]]
name = "nvidia-cusparse"
version = "12.6.3.3"
source = { registry = "https://pypi.org/simple" }
dependencies = [
    { name = "nvidia-nvjitlink" },
]
wheels = [
    { url = "https://files.pythonhosted.org/packages/f8/94/5c26f33738ae35276672f12615a64bd008ed5be6d1ebcb23579285d960a9/nvidia_cusparse-12.6.3.3-py3-none-manylinux2014_aarch64.manylinux_2_17_aarch64.whl", hash = "sha256:80bcc4662f23f1054ee334a15c72b8940402975e0eab63178fc7e670aa59472c", size = 162155568, upload-time = "2025-09-04T08:33:42.864Z" },
    { url = "https://files.pythonhosted.org/packages/fa/18/623c77619c31d62efd55302939756966f3ecc8d724a14dab2b75f1508850/nvidia_cusparse-12.6.3.3-py3-none-manylinux2014_x86_64.manylinux_2_17_x86_64.whl", hash = "sha256:2b3c89c88d01ee0e477cb7f82ef60a11a4bcd57b6b87c33f789350b59759360b", size = 145942937, upload-time = "2025-09-04T08:33:58.029Z" },
]

[[package]]
name = "nvidia-cusparselt-cu13"
version = "0.8.1"
source = { registry = "https://pypi.org/simple" }
wheels = [
    { url = "https://files.pythonhosted.org/packages/46/e1/cdc1797eadf82d3a9a575a19b33fdc871a97edbec42c00b5b5e914f4aff4/nvidia_cusparselt_cu13-0.8.1-py3-none-manylinux2014_aarch64.whl", hash = "sha256:4dca476c50bf4780d46cd0bfbd82e2bc10a08e4fef7950917ce8d7578d22a23f", size = 221051344, upload-time = "2025-09-05T18:49:51.289Z" },
    { url = "https://files.pythonhosted.org/packages/34/7d/2661f2fb3ac4302f3a246f5fc030213ac60c1fe0bce84f9783dbd831dbb7/nvidia_cusparselt_cu13-0.8.1-py3-none-manylinux2014_x86_64.whl", hash = "sha256:786ce87568c303fadb5afcc7102d454cd3040d75f6f8626f5db460d1871f4dd0", size = 170148586, upload-time = "2025-09-05T18:50:50.248Z" },
]

[[package]]
name = "nvidia-nccl-cu13"
version = "2.29.7"
source = { registry = "https://pypi.org/simple" }
wheels = [
    { url = "https://files.pythonhosted.org/packages/72/0d/daf50d44177ee0cbc7ff0a0c91eb5ff676c82be42f9a970bc7597f440c3a/nvidia_nccl_cu13-2.29.7-py3-none-manylinux_2_18_aarch64.whl", hash = "sha256:674a12383e3c38a1bcccae7d4f3633b37852230b6047883cb2f4c2d1b36d9bf5", size = 206014712, upload-time = "2026-03-03T05:34:20.843Z" },
    { url = "https://files.pythonhosted.org/packages/67/f4/58e4e91b6919367c7aafb8e36fce9aad1a3047e536bf7e2fd560927d3a4c/nvidia_nccl_cu13-2.29.7-py3-none-manylinux_2_18_x86_64.whl", hash = "sha256:edd81538446786ec3b73972543e53bb43bcaf0bfc8ef76cb679fcc390ffe136d", size = 205976000, upload-time = "2026-03-03T05:36:24.472Z" },
]

[[package]]
name = "nvidia-nvjitlink"
version = "13.0.88"
source = { registry = "https://pypi.org/simple" }
wheels = [
    { url = "https://files.pythonhosted.org/packages/56/7a/123e033aaff487c77107195fa5a2b8686795ca537935a24efae476c41f05/nvidia_nvjitlink-13.0.88-py3-none-manylinux2010_x86_64.manylinux_2_12_x86_64.whl", hash = "sha256:13a74f429e23b921c1109976abefacc69835f2f433ebd323d3946e11d804e47b", size = 40713933, upload-time = "2025-09-04T08:35:43.553Z" },
    { url = "https://files.pythonhosted.org/packages/ab/2c/93c5250e64df4f894f1cbb397c6fd71f79813f9fd79d7cd61de3f97b3c2d/nvidia_nvjitlink-13.0.88-py3-none-manylinux2014_aarch64.manylinux_2_17_aarch64.whl", hash = "sha256:e931536ccc7d467a98ba1d8b89ff7fa7f1fa3b13f2b0069118cd7f47bff07d0c", size = 38768748, upload-time = "2025-09-04T08:35:20.008Z" },
]

[[package]]
name = "nvidia-nvshmem-cu13"
version = "3.4.5"
source = { registry = "https://pypi.org/simple" }
wheels = [
    { url = "https://files.pythonhosted.org/packages/dc/0f/05cc9c720236dcd2db9c1ab97fff629e96821be2e63103569da0c9b72f19/nvidia_nvshmem_cu13-3.4.5-py3-none-manylinux2014_aarch64.manylinux_2_17_aarch64.whl", hash = "sha256:6dc2a197f38e5d0376ad52cd1a2a3617d3cdc150fd5966f4aee9bcebb1d68fe9", size = 60215947, upload-time = "2025-09-06T00:32:20.022Z" },
    { url = "https://files.pythonhosted.org/packages/3c/35/a9bf80a609e74e3b000fef598933235c908fcefcef9026042b8e6dfde2a9/nvidia_nvshmem_cu13-3.4.5-py3-none-manylinux2014_x86_64.manylinux_2_17_x86_64.whl", hash = "sha256:290f0a2ee94c9f3687a02502f3b9299a9f9fe826e6d0287ee18482e78d495b80", size = 60412546, upload-time = "2025-09-06T00:32:41.564Z" },
]

[[package]]
name = "nvidia-nvtx"
version = "13.0.85"
source = { registry = "https://pypi.org/simple" }
wheels = [
    { url = "https://files.pythonhosted.org/packages/c2/f3/d86c845465a2723ad7e1e5c36dcd75ddb82898b3f53be47ebd429fb2fa5d/nvidia_nvtx-13.0.85-py3-none-manylinux1_x86_64.manylinux_2_5_x86_64.whl", hash = "sha256:4936d1d6780fbe68db454f5e72a42ff64d1fd6397df9f363ae786930fd5c1cd4", size = 148047, upload-time = "2025-09-04T08:29:01.761Z" },
    { url = "https://files.pythonhosted.org/packages/a8/64/3708a90d1ebe202ffdeb7185f878a3c84d15c2b2c31858da2ce0583e2def/nvidia_nvtx-13.0.85-py3-none-manylinux2014_aarch64.manylinux_2_17_aarch64.whl", hash = "sha256:cb7780edb6b14107373c835bf8b72e7a178bac7367e23da7acb108f973f157a6", size = 148878, upload-time = "2025-09-04T08:28:53.627Z" },
]

[[package]]
name = "psycopg"
version = "3.3.4"
source = { registry = "https://pypi.org/simple" }
dependencies = [
    { name = "typing-extensions" },
    { name = "tzdata", marker = "sys_platform == 'win32'" },
]
sdist = { url = "https://files.pythonhosted.org/packages/db/2f/cb91e5502ec9de1de6f1b76cfbf69531932725361168bb06963620c77e2e/psycopg-3.3.4.tar.gz", hash = "sha256:e21207764952cff81b6b8bdacad9a3939f2793367fdac2987b3aac36a651b5bc", size = 165799, upload-time = "2026-05-01T23:31:55.179Z" }
wheels = [
    { url = "https://files.pythonhosted.org/packages/5c/e0/7b3dee031daae7743609ce3c746565d4a3ed7c2c186479eb48e34e838c64/psycopg-3.3.4-py3-none-any.whl", hash = "sha256:b6bbc25ccf05c8fad3b061d9db2ef0909a555171b84b07f29458a447253d679a", size = 213001, upload-time = "2026-05-01T23:20:50.816Z" },
]

[package.optional-dependencies]
binary = [
    { name = "psycopg-binary", marker = "implementation_name != 'pypy'" },
]

[[package]]
name = "psycopg-binary"
version = "3.3.4"
source = { registry = "https://pypi.org/simple" }
wheels = [
    { url = "https://files.pythonhosted.org/packages/95/7d/03818e13ba7f36de93573c93ee3482006d3dfa8b0f8d28df511bad0a1a92/psycopg_binary-3.3.4-cp312-cp312-macosx_10_13_x86_64.whl", hash = "sha256:5ab28a2a7649df3b72e6b674b4c190e448e8e77cf496a65bd846472048de2089", size = 4591122, upload-time = "2026-05-01T23:27:56.162Z" },
    { url = "https://files.pythonhosted.org/packages/a5/b9/11b341edf8d54e2694726b273fe9652b254d989f4f63e3ac6816ad6b55f4/psycopg_binary-3.3.4-cp312-cp312-macosx_11_0_arm64.whl", hash = "sha256:6402a9d8146cf4b3974ded3fd28a971e83dc6a0333eb7822524a3aa20b546578", size = 4669943, upload-time = "2026-05-01T23:28:04.522Z" },
    { url = "https://files.pythonhosted.org/packages/8b/18/4665bacd65e7865b4372fcd8abb8b9186ada4b0025f8c2ca691b364a556c/psycopg_binary-3.3.4-cp312-cp312-manylinux2014_ppc64le.manylinux_2_17_ppc64le.whl", hash = "sha256:580ae30a5f95ccd90008ec697d3ed6a4a2047a516407ad904283fa42086936e9", size = 5469697, upload-time = "2026-05-01T23:28:11.337Z" },
    { url = "https://files.pythonhosted.org/packages/7c/b1/b83136c6e510593d9b0c759ba5384337bc4ad82d19fda675adc4b2703c84/psycopg_binary-3.3.4-cp312-cp312-manylinux2014_x86_64.manylinux_2_17_x86_64.whl", hash = "sha256:e7510c37550f91a187e3660a8cc50d4b760f8c3b8b2f89ebc5698cd2c7f2c85d", size = 5152995, upload-time = "2026-05-01T23:28:20.529Z" },
    { url = "https://files.pythonhosted.org/packages/67/8d/a9821e2a648afe6091989929982a3b0f00b2631a859cb81379728f08fb75/psycopg_binary-3.3.4-cp312-cp312-manylinux_2_27_aarch64.manylinux_2_28_aarch64.whl", hash = "sha256:77df19583501ea288eaf15ac0fe7ad01e6d8091a91d5c41df5c718f307d8e31b", size = 6738180, upload-time = "2026-05-01T23:28:30.654Z" },
    { url = "https://files.pythonhosted.org/packages/7e/58/2e349e8d23905dc2317b80ac65f48fb6f821a4777a4e994a60da91c4850f/psycopg_binary-3.3.4-cp312-cp312-manylinux_2_38_riscv64.manylinux_2_39_riscv64.whl", hash = "sha256:018fbed325936da502feb546642c982dcc4b9ffdea32dfef78dbf3b7f7ad4070", size = 4978828, upload-time = "2026-05-01T23:28:37.277Z" },
    { url = "https://files.pythonhosted.org/packages/45/48/57b00d03b4721878326122a1f1e6b0a90b85bcaec56b5b2f8ea6cfa45235/psycopg_binary-3.3.4-cp312-cp312-musllinux_1_2_aarch64.whl", hash = "sha256:17a21953a9e5ff3a16dab692625a3676e2f101db5e40072f39dbee2250194d68", size = 4509757, upload-time = "2026-05-01T23:28:43.078Z" },
    { url = "https://files.pythonhosted.org/packages/25/37/33b47d8c007df69aec500df5889767c4d313748e8e9e27a2fef8a6dabcee/psycopg_binary-3.3.4-cp312-cp312-musllinux_1_2_ppc64le.whl", hash = "sha256:eb05ee1c2b817d27c537333224c9e83c7afb86fe7296ba970990068baf819b16", size = 4190546, upload-time = "2026-05-01T23:28:50.016Z" },
    { url = "https://files.pythonhosted.org/packages/ca/c6/32b0835dbc2122617902b649d76a91c1e75406e76bf3d595b0c3bb5ffad6/psycopg_binary-3.3.4-cp312-cp312-musllinux_1_2_riscv64.whl", hash = "sha256:773d573e11f437ce0bdb95b7c18dc58390494f96d43f8b45b9760436114f7652", size = 3926197, upload-time = "2026-05-01T23:28:55.55Z" },
    { url = "https://files.pythonhosted.org/packages/cd/68/d190ef0c0c5b16ded07831dabc8ddd412f4cdab07ec6e30ed38d9bda0e1f/psycopg_binary-3.3.4-cp312-cp312-musllinux_1_2_x86_64.whl", hash = "sha256:71e55ccbdfae79a2ed9c6369c3008a3025817ff9d7e27b32a2d84e2a4267e66e", size = 4236627, upload-time = "2026-05-01T23:29:05.336Z" },
    { url = "https://files.pythonhosted.org/packages/25/8f/81dcbc2e8454b74d14881275ea45f00791052dac531a9fa8be1730d1685b/psycopg_binary-3.3.4-cp312-cp312-win_amd64.whl", hash = "sha256:494ca54901be8cf9eb7e02c25b731f2317c378efa44f43e8f9bd0e1184ae7be4", size = 3560782, upload-time = "2026-05-01T23:29:11.967Z" },
]

[[package]]
name = "pyarrow"
version = "24.0.0"
source = { registry = "https://pypi.org/simple" }
sdist = { url = "https://files.pythonhosted.org/packages/91/13/13e1069b351bdc3881266e11147ffccf687505dbb0ea74036237f5d454a5/pyarrow-24.0.0.tar.gz", hash = "sha256:85fe721a14dd823aca09127acbb06c3ca723efbd436c004f16bca601b04dcc83", size = 1180261, upload-time = "2026-04-21T10:51:25.837Z" }
wheels = [
    { url = "https://files.pythonhosted.org/packages/b4/a9/9686d9f07837f91f775e8932659192e02c74f9d8920524b480b85212cc68/pyarrow-24.0.0-cp312-cp312-macosx_12_0_arm64.whl", hash = "sha256:6233c9ed9ab9d1db47de57d9753256d9dcffbf42db341576099f0fd9f6bf4810", size = 34981559, upload-time = "2026-04-21T10:47:22.17Z" },
    { url = "https://files.pythonhosted.org/packages/80/b6/0ddf0e9b6ead3474ab087ae598c76b031fc45532bf6a63f3a553440fb258/pyarrow-24.0.0-cp312-cp312-macosx_12_0_x86_64.whl", hash = "sha256:f7616236ec1bc2b15bfdec22a71ab38851c86f8f05ff64f379e1278cf20c634a", size = 36663654, upload-time = "2026-04-21T10:47:28.315Z" },
    { url = "https://files.pythonhosted.org/packages/7c/3b/926382efe8ce27ba729071d3566ade6dfb86bdf112f366000196b2f5780a/pyarrow-24.0.0-cp312-cp312-manylinux_2_28_aarch64.whl", hash = "sha256:1617043b99bd33e5318ae18eb2919af09c71322ef1ca46566cdafc6e6712fb66", size = 45679394, upload-time = "2026-04-21T10:47:34.821Z" },
    { url = "https://files.pythonhosted.org/packages/b3/7a/829f7d9dfd37c207206081d6dad474d81dde29952401f07f2ba507814818/pyarrow-24.0.0-cp312-cp312-manylinux_2_28_x86_64.whl", hash = "sha256:6165461f55ef6314f026de6638d661188e3455d3ec49834556a0ebbdbace18bb", size = 48863122, upload-time = "2026-04-21T10:47:42.056Z" },
    { url = "https://files.pythonhosted.org/packages/5f/e8/f88ce625fe8babaae64e8db2d417c7653adb3019b08aae85c5ed787dc816/pyarrow-24.0.0-cp312-cp312-musllinux_1_2_aarch64.whl", hash = "sha256:3b13dedfe76a0ad2d1d859b0811b53827a4e9d93a0bcb05cf59333ab4980cc7e", size = 49376032, upload-time = "2026-04-21T10:47:48.967Z" },
    { url = "https://files.pythonhosted.org/packages/36/7a/82c363caa145fff88fb475da50d3bf52bb024f61917be5424c3392eaf878/pyarrow-24.0.0-cp312-cp312-musllinux_1_2_x86_64.whl", hash = "sha256:25ea65d868eb04015cd18e6df2fbe98f07e5bda2abefabcb88fce39a947716f6", size = 51929490, upload-time = "2026-04-21T10:47:55.981Z" },
    { url = "https://files.pythonhosted.org/packages/66/1c/e3e72c8014ad2743ca64a701652c733cc5cbcee15c0463a32a8c55518d9e/pyarrow-24.0.0-cp312-cp312-win_amd64.whl", hash = "sha256:295f0a7f2e242dabd513737cf076007dc5b2d59237e3eca37b05c0c6446f3826", size = 27355660, upload-time = "2026-04-21T10:48:01.718Z" },
]

[[package]]
name = "setuptools"
version = "81.0.0"
source = { registry = "https://pypi.org/simple" }
sdist = { url = "https://files.pythonhosted.org/packages/0d/1c/73e719955c59b8e424d015ab450f51c0af856ae46ea2da83eba51cc88de1/setuptools-81.0.0.tar.gz", hash = "sha256:487b53915f52501f0a79ccfd0c02c165ffe06631443a886740b91af4b7a5845a", size = 1198299, upload-time = "2026-02-06T21:10:39.601Z" }
wheels = [
    { url = "https://files.pythonhosted.org/packages/e1/e3/c164c88b2e5ce7b24d667b9bd83589cf4f3520d97cad01534cd3c4f55fdb/setuptools-81.0.0-py3-none-any.whl", hash = "sha256:fdd925d5c5d9f62e4b74b30d6dd7828ce236fd6ed998a08d81de62ce5a6310d6", size = 1062021, upload-time = "2026-02-06T21:10:37.175Z" },
]

[[package]]
name = "sympy"
version = "1.14.0"
source = { registry = "https://pypi.org/simple" }
dependencies = [
    { name = "mpmath" },
]
sdist = { url = "https://files.pythonhosted.org/packages/83/d3/803453b36afefb7c2bb238361cd4ae6125a569b4db67cd9e79846ba2d68c/sympy-1.14.0.tar.gz", hash = "sha256:d3d3fe8df1e5a0b42f0e7bdf50541697dbe7d23746e894990c030e2b05e72517", size = 7793921, upload-time = "2025-04-27T18:05:01.611Z" }
wheels = [
    { url = "https://files.pythonhosted.org/packages/a2/09/77d55d46fd61b4a135c444fc97158ef34a095e5681d0a6c10b75bf356191/sympy-1.14.0-py3-none-any.whl", hash = "sha256:e091cc3e99d2141a0ba2847328f5479b05d94a6635cb96148ccb3f34671bd8f5", size = 6299353, upload-time = "2025-04-27T18:04:59.103Z" },
]

[[package]]
name = "torch"
version = "2.12.1"
source = { registry = "https://pypi.org/simple" }
dependencies = [
    { name = "cuda-bindings", marker = "sys_platform == 'linux'" },
    { name = "cuda-toolkit", extra = ["cudart", "cufft", "cufile", "cupti", "curand", "cusolver", "cusparse", "nvjitlink", "nvrtc", "nvtx"], marker = "sys_platform == 'linux'" },
    { name = "filelock" },
    { name = "fsspec" },
    { name = "jinja2" },
    { name = "networkx" },
    { name = "nvidia-cublas", marker = "sys_platform == 'linux'" },
    { name = "nvidia-cudnn-cu13", marker = "sys_platform == 'linux'" },
    { name = "nvidia-cusparselt-cu13", marker = "sys_platform == 'linux'" },
    { name = "nvidia-nccl-cu13", marker = "sys_platform == 'linux'" },
    { name = "nvidia-nvshmem-cu13", marker = "sys_platform == 'linux'" },
    { name = "setuptools" },
    { name = "sympy" },
    { name = "triton", marker = "sys_platform == 'linux'" },
    { name = "typing-extensions" },
]
wheels = [
    { url = "https://files.pythonhosted.org/packages/f0/54/efb7ebca77970012b0cc21687a55d70eb2ba514b2c2b8e18d9fb1222f3be/torch-2.12.1-cp312-cp312-macosx_14_0_arm64.whl", hash = "sha256:d2dd0f2c5f7ccbddaf34cade0deaf476808368f902b9cdb7f36a2ab42301bc0e", size = 87991951, upload-time = "2026-06-17T21:07:49.309Z" },
    { url = "https://files.pythonhosted.org/packages/1e/00/4210d76ca7424981f04033ebe7e48816ab83287a62538747a58825db770c/torch-2.12.1-cp312-cp312-manylinux_2_28_aarch64.whl", hash = "sha256:2de4e19b88a481482c6c75291f2d6a52eda3ce51f311b29aa9b68499c830c07c", size = 426382721, upload-time = "2026-06-17T21:06:41.842Z" },
    { url = "https://files.pythonhosted.org/packages/76/1f/bc9f5a5aa569307076365f25afcebacb22e9c754b1bcfbaaa146627c7fda/torch-2.12.1-cp312-cp312-manylinux_2_28_x86_64.whl", hash = "sha256:649e4ced014ba646f76f8cb9c9726735a6323eb321b7919f942790a923f90921", size = 532261322, upload-time = "2026-06-17T21:06:06.673Z" },
    { url = "https://files.pythonhosted.org/packages/9e/49/c549461daa008159d006a76a991fbc2f26fa8bac27a4030c858463dcb20f/torch-2.12.1-cp312-cp312-win_amd64.whl", hash = "sha256:e86550597877fb272ddc52db2f85b82cb601ea7bd932576a0340152cae2200b3", size = 122988095, upload-time = "2026-06-17T21:07:44.9Z" },
]

[[package]]
name = "triton"
version = "3.7.1"
source = { registry = "https://pypi.org/simple" }
wheels = [
    { url = "https://files.pythonhosted.org/packages/94/fa/f856e24deb462d5f18bd4b5a746957862ab9b6ee5834bda60605ec348366/triton-3.7.1-cp312-cp312-manylinux_2_27_aarch64.manylinux_2_28_aarch64.whl", hash = "sha256:9497f2e696ee368862a181a90b2dcc03ca978cc4f602abd67c7d81022a6988e1", size = 184692359, upload-time = "2026-06-17T20:03:48.288Z" },
    { url = "https://files.pythonhosted.org/packages/c4/6f/fb96d15db6f36d6eae4cafb998c2e0353bf59d7c4ea1662d7497f269134a/triton-3.7.1-cp312-cp312-manylinux_2_27_x86_64.manylinux_2_28_x86_64.whl", hash = "sha256:7e40869937a68206ec70d7f25bb7ec6433cb083f9135e1f36dbd318dc449a728", size = 197719725, upload-time = "2026-06-17T19:53:20.419Z" },
]

[[package]]
name = "typing-extensions"
version = "4.16.0"
source = { registry = "https://pypi.org/simple" }
sdist = { url = "https://files.pythonhosted.org/packages/f6/cc/6253133b5bb138fc3306cebfbda2c520f545d36b5be2c7255cc528bb45d6/typing_extensions-4.16.0.tar.gz", hash = "sha256:dc983d19a509c94dba722ee6abd33940f7c05a89e243c47e907eb4db6f1a43e5", size = 113555, upload-time = "2026-07-02T08:40:05.92Z" }
wheels = [
    { url = "https://files.pythonhosted.org/packages/49/d3/b8441a820a491ddfc024b0b0cf0393375b75ea13866d9c66727e54c2fc80/typing_extensions-4.16.0-py3-none-any.whl", hash = "sha256:481caa481374e813c1b176ada14e97f1f67a4539ce9cfeb3f350d78d6370c2e8", size = 45571, upload-time = "2026-07-02T08:40:04.659Z" },
]

[[package]]
name = "tzdata"
version = "2026.2"
source = { registry = "https://pypi.org/simple" }
sdist = { url = "https://files.pythonhosted.org/packages/ba/19/1b9b0e29f30c6d35cb345486df41110984ea67ae69dddbc0e8a100999493/tzdata-2026.2.tar.gz", hash = "sha256:9173fde7d80d9018e02a662e168e5a2d04f87c41ea174b139fbef642eda62d10", size = 198254, upload-time = "2026-04-24T15:22:08.651Z" }
wheels = [
    { url = "https://files.pythonhosted.org/packages/ce/e4/dccd7f47c4b64213ac01ef921a1337ee6e30e8c6466046018326977efd95/tzdata-2026.2-py2.py3-none-any.whl", hash = "sha256:bbe9af844f658da81a5f95019480da3a89415801f6cc966806612cc7169bffe7", size = 349321, upload-time = "2026-04-24T15:22:05.876Z" },
]
